// !$*UTF8*$!
{
	archiveVersion = 1;
	classes = {
	};
	objectVersion = 56;
	objects = {

/* Begin PBXBuildFile section */
		BE38C0EE2B1AF66A00E5E23F /* RMOrigin.swift in Sources */ = {isa = PBXBuildFile; fileRef = BE38C0ED2B1AF66A00E5E23F /* RMOrigin.swift */; };
		BE38C0F02B1AF6BB00E5E23F /* RMSingleLocation.swift in Sources */ = {isa = PBXBuildFile; fileRef = BE38C0EF2B1AF6BB00E5E23F /* RMSingleLocation.swift */; };
		BE38C0F22B1AF7FC00E5E23F /* RMCharacterStatus.swift in Sources */ = {isa = PBXBuildFile; fileRef = BE38C0F12B1AF7FC00E5E23F /* RMCharacterStatus.swift */; };
		BE38C0F42B1AF81B00E5E23F /* RMCharacterGender.swift in Sources */ = {isa = PBXBuildFile; fileRef = BE38C0F32B1AF81B00E5E23F /* RMCharacterGender.swift */; };
		BECF22702B13629C00B6FD43 /* AppDelegate.swift in Sources */ = {isa = PBXBuildFile; fileRef = BECF226F2B13629C00B6FD43 /* AppDelegate.swift */; };
		BECF22722B13629C00B6FD43 /* SceneDelegate.swift in Sources */ = {isa = PBXBuildFile; fileRef = BECF22712B13629C00B6FD43 /* SceneDelegate.swift */; };
		BECF22742B13629C00B6FD43 /* RMTabViewController.swift in Sources */ = {isa = PBXBuildFile; fileRef = BECF22732B13629C00B6FD43 /* RMTabViewController.swift */; };
		BECF22792B13629E00B6FD43 /* Assets.xcassets in Resources */ = {isa = PBXBuildFile; fileRef = BECF22782B13629E00B6FD43 /* Assets.xcassets */; };
		BECF227C2B13629E00B6FD43 /* LaunchScreen.storyboard in Resources */ = {isa = PBXBuildFile; fileRef = BECF227A2B13629E00B6FD43 /* LaunchScreen.storyboard */; };
		BECF228C2B1364D400B6FD43 /* RMLocation.swift in Sources */ = {isa = PBXBuildFile; fileRef = BECF228B2B1364D400B6FD43 /* RMLocation.swift */; };
		BECF228E2B1364DF00B6FD43 /* RMCharacter.swift in Sources */ = {isa = PBXBuildFile; fileRef = BECF228D2B1364DF00B6FD43 /* RMCharacter.swift */; };
		BECF22902B1364E500B6FD43 /* RMEpisode.swift in Sources */ = {isa = PBXBuildFile; fileRef = BECF228F2B1364E500B6FD43 /* RMEpisode.swift */; };
		BECF22932B13654100B6FD43 /* RMCharacterViewController.swift in Sources */ = {isa = PBXBuildFile; fileRef = BECF22922B13654100B6FD43 /* RMCharacterViewController.swift */; };
		BECF22952B13654800B6FD43 /* RMLocationViewController.swift in Sources */ = {isa = PBXBuildFile; fileRef = BECF22942B13654800B6FD43 /* RMLocationViewController.swift */; };
		BECF22972B13655000B6FD43 /* RMEpisodeViewController.swift in Sources */ = {isa = PBXBuildFile; fileRef = BECF22962B13655000B6FD43 /* RMEpisodeViewController.swift */; };
		BECF22992B13655E00B6FD43 /* RMSettingsViewController.swift in Sources */ = {isa = PBXBuildFile; fileRef = BECF22982B13655E00B6FD43 /* RMSettingsViewController.swift */; };
		BECF229B2B136EB700B6FD43 /* RMService.swift in Sources */ = {isa = PBXBuildFile; fileRef = BECF229A2B136EB700B6FD43 /* RMService.swift */; };
		BECF229D2B136EBF00B6FD43 /* RMRequest.swift in Sources */ = {isa = PBXBuildFile; fileRef = BECF229C2B136EBF00B6FD43 /* RMRequest.swift */; };
		BECF229F2B136F4C00B6FD43 /* RMEndpoint.swift in Sources */ = {isa = PBXBuildFile; fileRef = BECF229E2B136F4C00B6FD43 /* RMEndpoint.swift */; };
/* End PBXBuildFile section */

/* Begin PBXFileReference section */
		BE38C0ED2B1AF66A00E5E23F /* RMOrigin.swift */ = {isa = PBXFileReference; lastKnownFileType = sourcecode.swift; path = RMOrigin.swift; sourceTree = "<group>"; };
		BE38C0EF2B1AF6BB00E5E23F /* RMSingleLocation.swift */ = {isa = PBXFileReference; lastKnownFileType = sourcecode.swift; path = RMSingleLocation.swift; sourceTree = "<group>"; };
		BE38C0F12B1AF7FC00E5E23F /* RMCharacterStatus.swift */ = {isa = PBXFileReference; lastKnownFileType = sourcecode.swift; path = RMCharacterStatus.swift; sourceTree = "<group>"; };
		BE38C0F32B1AF81B00E5E23F /* RMCharacterGender.swift */ = {isa = PBXFileReference; lastKnownFileType = sourcecode.swift; path = RMCharacterGender.swift; sourceTree = "<group>"; };
		BECF226C2B13629C00B6FD43 /* RickAndMorty.app */ = {isa = PBXFileReference; explicitFileType = wrapper.application; includeInIndex = 0; path = RickAndMorty.app; sourceTree = BUILT_PRODUCTS_DIR; };
		BECF226F2B13629C00B6FD43 /* AppDelegate.swift */ = {isa = PBXFileReference; lastKnownFileType = sourcecode.swift; path = AppDelegate.swift; sourceTree = "<group>"; };
		BECF22712B13629C00B6FD43 /* SceneDelegate.swift */ = {isa = PBXFileReference; lastKnownFileType = sourcecode.swift; path = SceneDelegate.swift; sourceTree = "<group>"; };
		BECF22732B13629C00B6FD43 /* RMTabViewController.swift */ = {isa = PBXFileReference; lastKnownFileType = sourcecode.swift; path = RMTabViewController.swift; sourceTree = "<group>"; };
		BECF22782B13629E00B6FD43 /* Assets.xcassets */ = {isa = PBXFileReference; lastKnownFileType = folder.assetcatalog; path = Assets.xcassets; sourceTree = "<group>"; };
		BECF227B2B13629E00B6FD43 /* Base */ = {isa = PBXFileReference; lastKnownFileType = file.storyboard; name = Base; path = Base.lproj/LaunchScreen.storyboard; sourceTree = "<group>"; };
		BECF227D2B13629E00B6FD43 /* Info.plist */ = {isa = PBXFileReference; lastKnownFileType = text.plist.xml; path = Info.plist; sourceTree = "<group>"; };
		BECF228B2B1364D400B6FD43 /* RMLocation.swift */ = {isa = PBXFileReference; lastKnownFileType = sourcecode.swift; path = RMLocation.swift; sourceTree = "<group>"; };
		BECF228D2B1364DF00B6FD43 /* RMCharacter.swift */ = {isa = PBXFileReference; lastKnownFileType = sourcecode.swift; path = RMCharacter.swift; sourceTree = "<group>"; };
		BECF228F2B1364E500B6FD43 /* RMEpisode.swift */ = {isa = PBXFileReference; lastKnownFileType = sourcecode.swift; path = RMEpisode.swift; sourceTree = "<group>"; };
		BECF22922B13654100B6FD43 /* RMCharacterViewController.swift */ = {isa = PBXFileReference; lastKnownFileType = sourcecode.swift; path = RMCharacterViewController.swift; sourceTree = "<group>"; };
		BECF22942B13654800B6FD43 /* RMLocationViewController.swift */ = {isa = PBXFileReference; lastKnownFileType = sourcecode.swift; path = RMLocationViewController.swift; sourceTree = "<group>"; };
		BECF22962B13655000B6FD43 /* RMEpisodeViewController.swift */ = {isa = PBXFileReference; lastKnownFileType = sourcecode.swift; path = RMEpisodeViewController.swift; sourceTree = "<group>"; };
		BECF22982B13655E00B6FD43 /* RMSettingsViewController.swift */ = {isa = PBXFileReference; lastKnownFileType = sourcecode.swift; path = RMSettingsViewController.swift; sourceTree = "<group>"; };
		BECF229A2B136EB700B6FD43 /* RMService.swift */ = {isa = PBXFileReference; lastKnownFileType = sourcecode.swift; path = RMService.swift; sourceTree = "<group>"; };
		BECF229C2B136EBF00B6FD43 /* RMRequest.swift */ = {isa = PBXFileReference; lastKnownFileType = sourcecode.swift; path = RMRequest.swift; sourceTree = "<group>"; };
		BECF229E2B136F4C00B6FD43 /* RMEndpoint.swift */ = {isa = PBXFileReference; lastKnownFileType = sourcecode.swift; path = RMEndpoint.swift; sourceTree = "<group>"; };
/* End PBXFileReference section */

/* Begin PBXFrameworksBuildPhase section */
		BECF22692B13629C00B6FD43 /* Frameworks */ = {
			isa = PBXFrameworksBuildPhase;
			buildActionMask = 2147483647;
			files = (
			);
			runOnlyForDeploymentPostprocessing = 0;
		};
/* End PBXFrameworksBuildPhase section */

/* Begin PBXGroup section */
		BECF22632B13629C00B6FD43 = {
			isa = PBXGroup;
			children = (
				BECF226E2B13629C00B6FD43 /* RickAndMorty */,
				BECF226D2B13629C00B6FD43 /* Products */,
			);
			sourceTree = "<group>";
		};
		BECF226D2B13629C00B6FD43 /* Products */ = {
			isa = PBXGroup;
			children = (
				BECF226C2B13629C00B6FD43 /* RickAndMorty.app */,
			);
			name = Products;
			sourceTree = "<group>";
		};
		BECF226E2B13629C00B6FD43 /* RickAndMorty */ = {
			isa = PBXGroup;
			children = (
				BECF22892B13646200B6FD43 /* Resources */,
				BECF22882B13645C00B6FD43 /* Managers */,
				BECF22872B13644F00B6FD43 /* APIClient */,
				BECF22862B13644400B6FD43 /* ViewModels */,
				BECF22852B13643A00B6FD43 /* Views */,
				BECF22842B13643500B6FD43 /* Models */,
				BECF22832B13642C00B6FD43 /* Controllers */,
				BECF227D2B13629E00B6FD43 /* Info.plist */,
			);
			path = RickAndMorty;
			sourceTree = "<group>";
		};
		BECF22832B13642C00B6FD43 /* Controllers */ = {
			isa = PBXGroup;
			children = (
				BECF22912B13652800B6FD43 /* Core */,
			);
			path = Controllers;
			sourceTree = "<group>";
		};
		BECF22842B13643500B6FD43 /* Models */ = {
			isa = PBXGroup;
			children = (
				BECF228D2B1364DF00B6FD43 /* RMCharacter.swift */,
				BECF228B2B1364D400B6FD43 /* RMLocation.swift */,
				BECF228F2B1364E500B6FD43 /* RMEpisode.swift */,
				BE38C0ED2B1AF66A00E5E23F /* RMOrigin.swift */,
				BE38C0EF2B1AF6BB00E5E23F /* RMSingleLocation.swift */,
				BE38C0F12B1AF7FC00E5E23F /* RMCharacterStatus.swift */,
				BE38C0F32B1AF81B00E5E23F /* RMCharacterGender.swift */,
			);
			path = Models;
			sourceTree = "<group>";
		};
		BECF22852B13643A00B6FD43 /* Views */ = {
			isa = PBXGroup;
			children = (
			);
			path = Views;
			sourceTree = "<group>";
		};
		BECF22862B13644400B6FD43 /* ViewModels */ = {
			isa = PBXGroup;
			children = (
			);
			path = ViewModels;
			sourceTree = "<group>";
		};
		BECF22872B13644F00B6FD43 /* APIClient */ = {
			isa = PBXGroup;
			children = (
				BECF229A2B136EB700B6FD43 /* RMService.swift */,
				BECF229C2B136EBF00B6FD43 /* RMRequest.swift */,
				BECF229E2B136F4C00B6FD43 /* RMEndpoint.swift */,
			);
			path = APIClient;
			sourceTree = "<group>";
		};
		BECF22882B13645C00B6FD43 /* Managers */ = {
			isa = PBXGroup;
			children = (
			);
			path = Managers;
			sourceTree = "<group>";
		};
		BECF22892B13646200B6FD43 /* Resources */ = {
			isa = PBXGroup;
			children = (
				BECF226F2B13629C00B6FD43 /* AppDelegate.swift */,
				BECF22712B13629C00B6FD43 /* SceneDelegate.swift */,
				BECF227A2B13629E00B6FD43 /* LaunchScreen.storyboard */,
				BECF22782B13629E00B6FD43 /* Assets.xcassets */,
			);
			path = Resources;
			sourceTree = "<group>";
		};
		BECF22912B13652800B6FD43 /* Core */ = {
			isa = PBXGroup;
			children = (
				BECF22732B13629C00B6FD43 /* RMTabViewController.swift */,
				BECF22922B13654100B6FD43 /* RMCharacterViewController.swift */,
				BECF22942B13654800B6FD43 /* RMLocationViewController.swift */,
				BECF22962B13655000B6FD43 /* RMEpisodeViewController.swift */,
				BECF22982B13655E00B6FD43 /* RMSettingsViewController.swift */,
			);
			path = Core;
			sourceTree = "<group>";
		};
/* End PBXGroup section */

/* Begin PBXNativeTarget section */
		BECF226B2B13629C00B6FD43 /* RickAndMorty */ = {
			isa = PBXNativeTarget;
			buildConfigurationList = BECF22802B13629E00B6FD43 /* Build configuration list for PBXNativeTarget "RickAndMorty" */;
			buildPhases = (
				BECF22682B13629C00B6FD43 /* Sources */,
				BECF22692B13629C00B6FD43 /* Frameworks */,
				BECF226A2B13629C00B6FD43 /* Resources */,
			);
			buildRules = (
			);
			dependencies = (
			);
			name = RickAndMorty;
			productName = RickAndMorty;
			productReference = BECF226C2B13629C00B6FD43 /* RickAndMorty.app */;
			productType = "com.apple.product-type.application";
		};
/* End PBXNativeTarget section */

/* Begin PBXProject section */
		BECF22642B13629C00B6FD43 /* Project object */ = {
			isa = PBXProject;
			attributes = {
				BuildIndependentTargetsInParallel = 1;
				LastSwiftUpdateCheck = 1500;
				LastUpgradeCheck = 1500;
				TargetAttributes = {
					BECF226B2B13629C00B6FD43 = {
						CreatedOnToolsVersion = 15.0.1;
					};
				};
			};
			buildConfigurationList = BECF22672B13629C00B6FD43 /* Build configuration list for PBXProject "RickAndMorty" */;
			compatibilityVersion = "Xcode 14.0";
			developmentRegion = en;
			hasScannedForEncodings = 0;
			knownRegions = (
				en,
				Base,
			);
			mainGroup = BECF22632B13629C00B6FD43;
			productRefGroup = BECF226D2B13629C00B6FD43 /* Products */;
			projectDirPath = "";
			projectRoot = "";
			targets = (
				BECF226B2B13629C00B6FD43 /* RickAndMorty */,
			);
		};
/* End PBXProject section */

/* Begin PBXResourcesBuildPhase section */
		BECF226A2B13629C00B6FD43 /* Resources */ = {
			isa = PBXResourcesBuildPhase;
			buildActionMask = 2147483647;
			files = (
				BECF227C2B13629E00B6FD43 /* LaunchScreen.storyboard in Resources */,
				BECF22792B13629E00B6FD43 /* Assets.xcassets in Resources */,
			);
			runOnlyForDeploymentPostprocessing = 0;
		};
/* End PBXResourcesBuildPhase section */

/* Begin PBXSourcesBuildPhase section */
		BECF22682B13629C00B6FD43 /* Sources */ = {
			isa = PBXSourcesBuildPhase;
			buildActionMask = 2147483647;
			files = (
				BE38C0EE2B1AF66A00E5E23F /* RMOrigin.swift in Sources */,
				BE38C0F02B1AF6BB00E5E23F /* RMSingleLocation.swift in Sources */,
				BE38C0F22B1AF7FC00E5E23F /* RMCharacterStatus.swift in Sources */,
				BE38C0F42B1AF81B00E5E23F /* RMCharacterGender.swift in Sources */,
				BECF22952B13654800B6FD43 /* RMLocationViewController.swift in Sources */,
				BECF22902B1364E500B6FD43 /* RMEpisode.swift in Sources */,
				BECF22742B13629C00B6FD43 /* RMTabViewController.swift in Sources */,
				BECF22972B13655000B6FD43 /* RMEpisodeViewController.swift in Sources */,
				BECF22702B13629C00B6FD43 /* AppDelegate.swift in Sources */,
				BECF22722B13629C00B6FD43 /* SceneDelegate.swift in Sources */,
				BECF22992B13655E00B6FD43 /* RMSettingsViewController.swift in Sources */,
				BECF229B2B136EB700B6FD43 /* RMService.swift in Sources */,
				BECF228C2B1364D400B6FD43 /* RMLocation.swift in Sources */,
				BECF229F2B136F4C00B6FD43 /* RMEndpoint.swift in Sources */,
				BECF228E2B1364DF00B6FD43 /* RMCharacter.swift in Sources */,
				BECF229D2B136EBF00B6FD43 /* RMRequest.swift in Sources */,
				BECF22932B13654100B6FD43 /* RMCharacterViewController.swift in Sources */,
			);
			runOnlyForDeploymentPostprocessing = 0;
		};
/* End PBXSourcesBuildPhase section */

/* Begin PBXVariantGroup section */
		BECF227A2B13629E00B6FD43 /* LaunchScreen.storyboard */ = {
			isa = PBXVariantGroup;
			children = (
				BECF227B2B13629E00B6FD43 /* Base */,
			);
			name = LaunchScreen.storyboard;
			sourceTree = "<group>";
		};
/* End PBXVariantGroup section */

/* Begin XCBuildConfiguration section */
		BECF227E2B13629E00B6FD43 /* Debug */ = {
			isa = XCBuildConfiguration;
			buildSettings = {
				ALWAYS_SEARCH_USER_PATHS = NO;
				ASSETCATALOG_COMPILER_GENERATE_SWIFT_ASSET_SYMBOL_EXTENSIONS = YES;
				CLANG_ANALYZER_NONNULL = YES;
				CLANG_ANALYZER_NUMBER_OBJECT_CONVERSION = YES_AGGRESSIVE;
				CLANG_CXX_LANGUAGE_STANDARD = "gnu++20";
				CLANG_ENABLE_MODULES = YES;
				CLANG_ENABLE_OBJC_ARC = YES;
				CLANG_ENABLE_OBJC_WEAK = YES;
				CLANG_WARN_BLOCK_CAPTURE_AUTORELEASING = YES;
				CLANG_WARN_BOOL_CONVERSION = YES;
				CLANG_WARN_COMMA = YES;
				CLANG_WARN_CONSTANT_CONVERSION = YES;
				CLANG_WARN_DEPRECATED_OBJC_IMPLEMENTATIONS = YES;
				CLANG_WARN_DIRECT_OBJC_ISA_USAGE = YES_ERROR;
				CLANG_WARN_DOCUMENTATION_COMMENTS = YES;
				CLANG_WARN_EMPTY_BODY = YES;
				CLANG_WARN_ENUM_CONVERSION = YES;
				CLANG_WARN_INFINITE_RECURSION = YES;
				CLANG_WARN_INT_CONVERSION = YES;
				CLANG_WARN_NON_LITERAL_NULL_CONVERSION = YES;
				CLANG_WARN_OBJC_IMPLICIT_RETAIN_SELF = YES;
				CLANG_WARN_OBJC_LITERAL_CONVERSION = YES;
				CLANG_WARN_OBJC_ROOT_CLASS = YES_ERROR;
				CLANG_WARN_QUOTED_INCLUDE_IN_FRAMEWORK_HEADER = YES;
				CLANG_WARN_RANGE_LOOP_ANALYSIS = YES;
				CLANG_WARN_STRICT_PROTOTYPES = YES;
				CLANG_WARN_SUSPICIOUS_MOVE = YES;
				CLANG_WARN_UNGUARDED_AVAILABILITY = YES_AGGRESSIVE;
				CLANG_WARN_UNREACHABLE_CODE = YES;
				CLANG_WARN__DUPLICATE_METHOD_MATCH = YES;
				COPY_PHASE_STRIP = NO;
				DEBUG_INFORMATION_FORMAT = dwarf;
				ENABLE_STRICT_OBJC_MSGSEND = YES;
				ENABLE_TESTABILITY = YES;
				ENABLE_USER_SCRIPT_SANDBOXING = YES;
				GCC_C_LANGUAGE_STANDARD = gnu17;
				GCC_DYNAMIC_NO_PIC = NO;
				GCC_NO_COMMON_BLOCKS = YES;
				GCC_OPTIMIZATION_LEVEL = 0;
				GCC_PREPROCESSOR_DEFINITIONS = (
					"DEBUG=1",
					"$(inherited)",
				);
				GCC_WARN_64_TO_32_BIT_CONVERSION = YES;
				GCC_WARN_ABOUT_RETURN_TYPE = YES_ERROR;
				GCC_WARN_UNDECLARED_SELECTOR = YES;
				GCC_WARN_UNINITIALIZED_AUTOS = YES_AGGRESSIVE;
				GCC_WARN_UNUSED_FUNCTION = YES;
				GCC_WARN_UNUSED_VARIABLE = YES;
				IPHONEOS_DEPLOYMENT_TARGET = 17.0;
				LOCALIZATION_PREFERS_STRING_CATALOGS = YES;
				MTL_ENABLE_DEBUG_INFO = INCLUDE_SOURCE;
				MTL_FAST_MATH = YES;
				ONLY_ACTIVE_ARCH = YES;
				SDKROOT = iphoneos;
				SWIFT_ACTIVE_COMPILATION_CONDITIONS = "DEBUG $(inherited)";
				SWIFT_OPTIMIZATION_LEVEL = "-Onone";
			};
			name = Debug;
		};
		BECF227F2B13629E00B6FD43 /* Release */ = {
			isa = XCBuildConfiguration;
			buildSettings = {
				ALWAYS_SEARCH_USER_PATHS = NO;
				ASSETCATALOG_COMPILER_GENERATE_SWIFT_ASSET_SYMBOL_EXTENSIONS = YES;
				CLANG_ANALYZER_NONNULL = YES;
				CLANG_ANALYZER_NUMBER_OBJECT_CONVERSION = YES_AGGRESSIVE;
				CLANG_CXX_LANGUAGE_STANDARD = "gnu++20";
				CLANG_ENABLE_MODULES = YES;
				CLANG_ENABLE_OBJC_ARC = YES;
				CLANG_ENABLE_OBJC_WEAK = YES;
				CLANG_WARN_BLOCK_CAPTURE_AUTORELEASING = YES;
				CLANG_WARN_BOOL_CONVERSION = YES;
				CLANG_WARN_COMMA = YES;
				CLANG_WARN_CONSTANT_CONVERSION = YES;
				CLANG_WARN_DEPRECATED_OBJC_IMPLEMENTATIONS = YES;
				CLANG_WARN_DIRECT_OBJC_ISA_USAGE = YES_ERROR;
				CLANG_WARN_DOCUMENTATION_COMMENTS = YES;
				CLANG_WARN_EMPTY_BODY = YES;
				CLANG_WARN_ENUM_CONVERSION = YES;
				CLANG_WARN_INFINITE_RECURSION = YES;
				CLANG_WARN_INT_CONVERSION = YES;
				CLANG_WARN_NON_LITERAL_NULL_CONVERSION = YES;
				CLANG_WARN_OBJC_IMPLICIT_RETAIN_SELF = YES;
				CLANG_WARN_OBJC_LITERAL_CONVERSION = YES;
				CLANG_WARN_OBJC_ROOT_CLASS = YES_ERROR;
				CLANG_WARN_QUOTED_INCLUDE_IN_FRAMEWORK_HEADER = YES;
				CLANG_WARN_RANGE_LOOP_ANALYSIS = YES;
				CLANG_WARN_STRICT_PROTOTYPES = YES;
				CLANG_WARN_SUSPICIOUS_MOVE = YES;
				CLANG_WARN_UNGUARDED_AVAILABILITY = YES_AGGRESSIVE;
				CLANG_WARN_UNREACHABLE_CODE = YES;
				CLANG_WARN__DUPLICATE_METHOD_MATCH = YES;
				COPY_PHASE_STRIP = NO;
				DEBUG_INFORMATION_FORMAT = "dwarf-with-dsym";
				ENABLE_NS_ASSERTIONS = NO;
				ENABLE_STRICT_OBJC_MSGSEND = YES;
				ENABLE_USER_SCRIPT_SANDBOXING = YES;
				GCC_C_LANGUAGE_STANDARD = gnu17;
				GCC_NO_COMMON_BLOCKS = YES;
				GCC_WARN_64_TO_32_BIT_CONVERSION = YES;
				GCC_WARN_ABOUT_RETURN_TYPE = YES_ERROR;
				GCC_WARN_UNDECLARED_SELECTOR = YES;
				GCC_WARN_UNINITIALIZED_AUTOS = YES_AGGRESSIVE;
				GCC_WARN_UNUSED_FUNCTION = YES;
				GCC_WARN_UNUSED_VARIABLE = YES;
				IPHONEOS_DEPLOYMENT_TARGET = 17.0;
				LOCALIZATION_PREFERS_STRING_CATALOGS = YES;
				MTL_ENABLE_DEBUG_INFO = NO;
				MTL_FAST_MATH = YES;
				SDKROOT = iphoneos;
				SWIFT_COMPILATION_MODE = wholemodule;
				VALIDATE_PRODUCT = YES;
			};
			name = Release;
		};
		BECF22812B13629E00B6FD43 /* Debug */ = {
			isa = XCBuildConfiguration;
			buildSettings = {
				ASSETCATALOG_COMPILER_APPICON_NAME = AppIcon;
				ASSETCATALOG_COMPILER_GLOBAL_ACCENT_COLOR_NAME = AccentColor;
				CODE_SIGN_STYLE = Automatic;
				CURRENT_PROJECT_VERSION = 1;
				DEVELOPMENT_TEAM = 46PR5V47LD;
				GENERATE_INFOPLIST_FILE = YES;
				INFOPLIST_FILE = RickAndMorty/Info.plist;
				INFOPLIST_KEY_UIApplicationSupportsIndirectInputEvents = YES;
				INFOPLIST_KEY_UILaunchStoryboardName = LaunchScreen;
				INFOPLIST_KEY_UISupportedInterfaceOrientations_iPad = "UIInterfaceOrientationPortrait UIInterfaceOrientationPortraitUpsideDown UIInterfaceOrientationLandscapeLeft UIInterfaceOrientationLandscapeRight";
				INFOPLIST_KEY_UISupportedInterfaceOrientations_iPhone = "UIInterfaceOrientationPortrait UIInterfaceOrientationLandscapeLeft UIInterfaceOrientationLandscapeRight";
				LD_RUNPATH_SEARCH_PATHS = (
					"$(inherited)",
					"@executable_path/Frameworks",
				);
				MARKETING_VERSION = 1.0;
				PRODUCT_BUNDLE_IDENTIFIER = com.yunusberdibekk.RickAndMorty;
				PRODUCT_NAME = "$(TARGET_NAME)";
				SWIFT_EMIT_LOC_STRINGS = YES;
				SWIFT_VERSION = 5.0;
				TARGETED_DEVICE_FAMILY = "1,2";
			};
			name = Debug;
		};
		BECF22822B13629E00B6FD43 /* Release */ = {
			isa = XCBuildConfiguration;
			buildSettings = {
				ASSETCATALOG_COMPILER_APPICON_NAME = AppIcon;
				ASSETCATALOG_COMPILER_GLOBAL_ACCENT_COLOR_NAME = AccentColor;
				CODE_SIGN_STYLE = Automatic;
				CURRENT_PROJECT_VERSION = 1;
				DEVELOPMENT_TEAM = 46PR5V47LD;
				GENERATE_INFOPLIST_FILE = YES;
				INFOPLIST_FILE = RickAndMorty/Info.plist;
				INFOPLIST_KEY_UIApplicationSupportsIndirectInputEvents = YES;
				INFOPLIST_KEY_UILaunchStoryboardName = LaunchScreen;
				INFOPLIST_KEY_UISupportedInterfaceOrientations_iPad = "UIInterfaceOrientationPortrait UIInterfaceOrientationPortraitUpsideDown UIInterfaceOrientationLandscapeLeft UIInterfaceOrientationLandscapeRight";
				INFOPLIST_KEY_UISupportedInterfaceOrientations_iPhone = "UIInterfaceOrientationPortrait UIInterfaceOrientationLandscapeLeft UIInterfaceOrientationLandscapeRight";
				LD_RUNPATH_SEARCH_PATHS = (
					"$(inherited)",
					"@executable_path/Frameworks",
				);
				MARKETING_VERSION = 1.0;
				PRODUCT_BUNDLE_IDENTIFIER = com.yunusberdibekk.RickAndMorty;
				PRODUCT_NAME = "$(TARGET_NAME)";
				SWIFT_EMIT_LOC_STRINGS = YES;
				SWIFT_VERSION = 5.0;
				TARGETED_DEVICE_FAMILY = "1,2";
			};
			name = Release;
		};
/* End XCBuildConfiguration section */

/* Begin XCConfigurationList section */
		BECF22672B13629C00B6FD43 /* Build configuration list for PBXProject "RickAndMorty" */ = {
			isa = XCConfigurationList;
			buildConfigurations = (
				BECF227E2B13629E00B6FD43 /* Debug */,
				BECF227F2B13629E00B6FD43 /* Release */,
			);
			defaultConfigurationIsVisible = 0;
			defaultConfigurationName = Release;
		};
		BECF22802B13629E00B6FD43 /* Build configuration list for PBXNativeTarget "RickAndMorty" */ = {
			isa = XCConfigurationList;
			buildConfigurations = (
				BECF22812B13629E00B6FD43 /* Debug */,
				BECF22822B13629E00B6FD43 /* Release */,
			);
			defaultConfigurationIsVisible = 0;
			defaultConfigurationName = Release;
		};
/* End XCConfigurationList section */
	};
	rootObject = BECF22642B13629C00B6FD43 /* Project object */;
}
